
Microsoft Visual Studio Solution File, Format Version 12.00
Project("{FAE04EC0-301F-11D3-BF4B-00C04F79EFBC}") = "DFBackup.Runner", "DFBackup.Runner\DFBackup.Runner.csproj", "{1E4C65D4-41D8-49AD-8925-D19CF37873CA}"
EndProject
Global
	GlobalSection(SolutionConfigurationPlatforms) = preSolution
		Debug|Any CPU = Debug|Any CPU
		Release|Any CPU = Release|Any CPU
	EndGlobalSection
	GlobalSection(ProjectConfigurationPlatforms) = postSolution
		{1E4C65D4-41D8-49AD-8925-D19CF37873CA}.Debug|Any CPU.ActiveCfg = Debug|Any CPU
		{1E4C65D4-41D8-49AD-8925-D19CF37873CA}.Debug|Any CPU.Build.0 = Debug|Any CPU
		{1E4C65D4-41D8-49AD-8925-D19CF37873CA}.Release|Any CPU.ActiveCfg = Release|Any CPU
		{1E4C65D4-41D8-49AD-8925-D19CF37873CA}.Release|Any CPU.Build.0 = Release|Any CPU
	EndGlobalSection
EndGlobal
